
Microsoft Visual Studio Solution File, Format Version 12.00
# Visual Studio Version 16
VisualStudioVersion = 16.0.31702.278
MinimumVisualStudioVersion = 10.0.40219.1
Project("{FAE04EC0-301F-11D3-BF4B-00C04F79EFBC}") = "ProductWebApp", "ProductWebApp.csproj", "{44FB4D13-553F-41F3-AAC4-7BCA51EC8C37}"
EndProject
Global
	GlobalSection(SolutionConfigurationPlatforms) = preSolution
		Debug|Any CPU = Debug|Any CPU
		Release|Any CPU = Release|Any CPU
	EndGlobalSection
	GlobalSection(ProjectConfigurationPlatforms) = postSolution
		{44FB4D13-553F-41F3-AAC4-7BCA51EC8C37}.Debug|Any CPU.ActiveCfg = Debug|Any CPU
		{44FB4D13-553F-41F3-AAC4-7BCA51EC8C37}.Debug|Any CPU.Build.0 = Debug|Any CPU
		{44FB4D13-553F-41F3-AAC4-7BCA51EC8C37}.Release|Any CPU.ActiveCfg = Release|Any CPU
		{44FB4D13-553F-41F3-AAC4-7BCA51EC8C37}.Release|Any CPU.Build.0 = Release|Any CPU
	EndGlobalSection
	GlobalSection(SolutionProperties) = preSolution
		HideSolutionNode = FALSE
	EndGlobalSection
	GlobalSection(ExtensibilityGlobals) = postSolution
		SolutionGuid = {5483258C-9D8A-4835-962E-F2217C82CF09}
	EndGlobalSection
EndGlobal
